
Microsoft Visual Studio Solution File, Format Version 12.00
# Visual Studio Version 17
VisualStudioVersion = 17.0.32112.339
MinimumVisualStudioVersion = 10.0.40219.1
Project("{9A19103F-16F7-4668-BE54-9A1E7A4F7556}") = "git_pull", "git_pull.csproj", "{EBAD9804-C5A8-486E-82EE-E16EE6F834D9}"
EndProject
Global
	GlobalSection(SolutionConfigurationPlatforms) = preSolution
		Debug|Any CPU = Debug|Any CPU
		Release|Any CPU = Release|Any CPU
	EndGlobalSection
	GlobalSection(ProjectConfigurationPlatforms) = postSolution
		{EBAD9804-C5A8-486E-82EE-E16EE6F834D9}.Debug|Any CPU.ActiveCfg = Debug|Any CPU
		{EBAD9804-C5A8-486E-82EE-E16EE6F834D9}.Debug|Any CPU.Build.0 = Debug|Any CPU
		{EBAD9804-C5A8-486E-82EE-E16EE6F834D9}.Release|Any CPU.ActiveCfg = Release|Any CPU
		{EBAD9804-C5A8-486E-82EE-E16EE6F834D9}.Release|Any CPU.Build.0 = Release|Any CPU
		{A1D1A554-BA8B-4EEF-93CA-6CE2BBCB98AD}.Debug|Any CPU.ActiveCfg = Debug|Any CPU
		{A1D1A554-BA8B-4EEF-93CA-6CE2BBCB98AD}.Debug|Any CPU.Build.0 = Debug|Any CPU
		{A1D1A554-BA8B-4EEF-93CA-6CE2BBCB98AD}.Release|Any CPU.ActiveCfg = Release|Any CPU
		{A1D1A554-BA8B-4EEF-93CA-6CE2BBCB98AD}.Release|Any CPU.Build.0 = Release|Any CPU
	EndGlobalSection
	GlobalSection(SolutionProperties) = preSolution
		HideSolutionNode = FALSE
	EndGlobalSection
	GlobalSection(ExtensibilityGlobals) = postSolution
		SolutionGuid = {69B12C70-B8AD-4CB5-8D12-BD1BEA043FE1}
	EndGlobalSection
EndGlobal
